// !$*UTF8*$!
{
	archiveVersion = 1;
	classes = {
	};
	objectVersion = 55;
	objects = {

/* Begin PBXBuildFile section */
		A325B7F62850CFD20050A9DF /* FavoriteButton.swift in Sources */ = {isa = PBXBuildFile; fileRef = A325B7F52850CFD20050A9DF /* FavoriteButton.swift */; };
		A36F28AA284FA248000A4F51 /* LandmarksApp.swift in Sources */ = {isa = PBXBuildFile; fileRef = A36F28A9284FA248000A4F51 /* LandmarksApp.swift */; };
		A36F28AC284FA248000A4F51 /* ContentView.swift in Sources */ = {isa = PBXBuildFile; fileRef = A36F28AB284FA248000A4F51 /* ContentView.swift */; };
		A36F28AE284FA249000A4F51 /* Assets.xcassets in Resources */ = {isa = PBXBuildFile; fileRef = A36F28AD284FA249000A4F51 /* Assets.xcassets */; };
		A36F28B1284FA249000A4F51 /* Preview Assets.xcassets in Resources */ = {isa = PBXBuildFile; fileRef = A36F28B0284FA249000A4F51 /* Preview Assets.xcassets */; };
		A36F28BB284FA249000A4F51 /* LandmarksTests.swift in Sources */ = {isa = PBXBuildFile; fileRef = A36F28BA284FA249000A4F51 /* LandmarksTests.swift */; };
		A36F28C5284FA24A000A4F51 /* LandmarksUITests.swift in Sources */ = {isa = PBXBuildFile; fileRef = A36F28C4284FA24A000A4F51 /* LandmarksUITests.swift */; };
		A36F28C7284FA24A000A4F51 /* LandmarksUITestsLaunchTests.swift in Sources */ = {isa = PBXBuildFile; fileRef = A36F28C6284FA24A000A4F51 /* LandmarksUITestsLaunchTests.swift */; };
		A36F28D6284FA631000A4F51 /* CircleImage.swift in Sources */ = {isa = PBXBuildFile; fileRef = A36F28D5284FA631000A4F51 /* CircleImage.swift */; };
		A36F28D8284FA762000A4F51 /* MapView.swift in Sources */ = {isa = PBXBuildFile; fileRef = A36F28D7284FA762000A4F51 /* MapView.swift */; };
		A36F28DA284FADF4000A4F51 /* landmarkData.json in Resources */ = {isa = PBXBuildFile; fileRef = A36F28D9284FADF4000A4F51 /* landmarkData.json */; };
		A36F28DC284FAE1A000A4F51 /* Landmark.swift in Sources */ = {isa = PBXBuildFile; fileRef = A36F28DB284FAE1A000A4F51 /* Landmark.swift */; };
		A36F28DE284FAFBC000A4F51 /* ModelData.swift in Sources */ = {isa = PBXBuildFile; fileRef = A36F28DD284FAFBC000A4F51 /* ModelData.swift */; };
		A36F28E3284FB5ED000A4F51 /* LandmarkRow.swift in Sources */ = {isa = PBXBuildFile; fileRef = A36F28E2284FB5ED000A4F51 /* LandmarkRow.swift */; };
		A36F28E5284FBE1B000A4F51 /* LandmarkList.swift in Sources */ = {isa = PBXBuildFile; fileRef = A36F28E4284FBE1B000A4F51 /* LandmarkList.swift */; };
		A36F28E9284FBF68000A4F51 /* LandmarkDetail.swift in Sources */ = {isa = PBXBuildFile; fileRef = A36F28E8284FBF68000A4F51 /* LandmarkDetail.swift */; };
/* End PBXBuildFile section */

/* Begin PBXContainerItemProxy section */
		A36F28B7284FA249000A4F51 /* PBXContainerItemProxy */ = {
			isa = PBXContainerItemProxy;
			containerPortal = A36F289E284FA248000A4F51 /* Project object */;
			proxyType = 1;
			remoteGlobalIDString = A36F28A5284FA248000A4F51;
			remoteInfo = Landmarks;
		};
		A36F28C1284FA24A000A4F51 /* PBXContainerItemProxy */ = {
			isa = PBXContainerItemProxy;
			containerPortal = A36F289E284FA248000A4F51 /* Project object */;
			proxyType = 1;
			remoteGlobalIDString = A36F28A5284FA248000A4F51;
			remoteInfo = Landmarks;
		};
/* End PBXContainerItemProxy section */

/* Begin PBXFileReference section */
		A325B7F52850CFD20050A9DF /* FavoriteButton.swift */ = {isa = PBXFileReference; lastKnownFileType = sourcecode.swift; path = FavoriteButton.swift; sourceTree = "<group>"; };
		A36F28A6284FA248000A4F51 /* Landmarks.app */ = {isa = PBXFileReference; explicitFileType = wrapper.application; includeInIndex = 0; path = Landmarks.app; sourceTree = BUILT_PRODUCTS_DIR; };
		A36F28A9284FA248000A4F51 /* LandmarksApp.swift */ = {isa = PBXFileReference; lastKnownFileType = sourcecode.swift; path = LandmarksApp.swift; sourceTree = "<group>"; };
		A36F28AB284FA248000A4F51 /* ContentView.swift */ = {isa = PBXFileReference; lastKnownFileType = sourcecode.swift; path = ContentView.swift; sourceTree = "<group>"; };
		A36F28AD284FA249000A4F51 /* Assets.xcassets */ = {isa = PBXFileReference; lastKnownFileType = folder.assetcatalog; path = Assets.xcassets; sourceTree = "<group>"; };
		A36F28B0284FA249000A4F51 /* Preview Assets.xcassets */ = {isa = PBXFileReference; lastKnownFileType = folder.assetcatalog; path = "Preview Assets.xcassets"; sourceTree = "<group>"; };
		A36F28B6284FA249000A4F51 /* LandmarksTests.xctest */ = {isa = PBXFileReference; explicitFileType = wrapper.cfbundle; includeInIndex = 0; path = LandmarksTests.xctest; sourceTree = BUILT_PRODUCTS_DIR; };
		A36F28BA284FA249000A4F51 /* LandmarksTests.swift */ = {isa = PBXFileReference; lastKnownFileType = sourcecode.swift; path = LandmarksTests.swift; sourceTree = "<group>"; };
		A36F28C0284FA24A000A4F51 /* LandmarksUITests.xctest */ = {isa = PBXFileReference; explicitFileType = wrapper.cfbundle; includeInIndex = 0; path = LandmarksUITests.xctest; sourceTree = BUILT_PRODUCTS_DIR; };
		A36F28C4284FA24A000A4F51 /* LandmarksUITests.swift */ = {isa = PBXFileReference; lastKnownFileType = sourcecode.swift; path = LandmarksUITests.swift; sourceTree = "<group>"; };
		A36F28C6284FA24A000A4F51 /* LandmarksUITestsLaunchTests.swift */ = {isa = PBXFileReference; lastKnownFileType = sourcecode.swift; path = LandmarksUITestsLaunchTests.swift; sourceTree = "<group>"; };
		A36F28D5284FA631000A4F51 /* CircleImage.swift */ = {isa = PBXFileReference; lastKnownFileType = sourcecode.swift; path = CircleImage.swift; sourceTree = "<group>"; };
		A36F28D7284FA762000A4F51 /* MapView.swift */ = {isa = PBXFileReference; lastKnownFileType = sourcecode.swift; path = MapView.swift; sourceTree = "<group>"; };
		A36F28D9284FADF4000A4F51 /* landmarkData.json */ = {isa = PBXFileReference; fileEncoding = 4; lastKnownFileType = text.json; path = landmarkData.json; sourceTree = "<group>"; };
		A36F28DB284FAE1A000A4F51 /* Landmark.swift */ = {isa = PBXFileReference; lastKnownFileType = sourcecode.swift; path = Landmark.swift; sourceTree = "<group>"; };
		A36F28DD284FAFBC000A4F51 /* ModelData.swift */ = {isa = PBXFileReference; lastKnownFileType = sourcecode.swift; path = ModelData.swift; sourceTree = "<group>"; };
		A36F28E2284FB5ED000A4F51 /* LandmarkRow.swift */ = {isa = PBXFileReference; lastKnownFileType = sourcecode.swift; path = LandmarkRow.swift; sourceTree = "<group>"; };
		A36F28E4284FBE1B000A4F51 /* LandmarkList.swift */ = {isa = PBXFileReference; lastKnownFileType = sourcecode.swift; path = LandmarkList.swift; sourceTree = "<group>"; };
		A36F28E8284FBF68000A4F51 /* LandmarkDetail.swift */ = {isa = PBXFileReference; lastKnownFileType = sourcecode.swift; path = LandmarkDetail.swift; sourceTree = "<group>"; };
/* End PBXFileReference section */

/* Begin PBXFrameworksBuildPhase section */
		A36F28A3284FA248000A4F51 /* Frameworks */ = {
			isa = PBXFrameworksBuildPhase;
			buildActionMask = 2147483647;
			files = (
			);
			runOnlyForDeploymentPostprocessing = 0;
		};
		A36F28B3284FA249000A4F51 /* Frameworks */ = {
			isa = PBXFrameworksBuildPhase;
			buildActionMask = 2147483647;
			files = (
			);
			runOnlyForDeploymentPostprocessing = 0;
		};
		A36F28BD284FA24A000A4F51 /* Frameworks */ = {
			isa = PBXFrameworksBuildPhase;
			buildActionMask = 2147483647;
			files = (
			);
			runOnlyForDeploymentPostprocessing = 0;
		};
/* End PBXFrameworksBuildPhase section */

/* Begin PBXGroup section */
		A325B7F72850D08C0050A9DF /* Landmarks */ = {
			isa = PBXGroup;
			children = (
				A36F28E2284FB5ED000A4F51 /* LandmarkRow.swift */,
				A36F28E4284FBE1B000A4F51 /* LandmarkList.swift */,
				A36F28E8284FBF68000A4F51 /* LandmarkDetail.swift */,
			);
			path = Landmarks;
			sourceTree = "<group>";
		};
		A325B7F82850D09F0050A9DF /* Helpers */ = {
			isa = PBXGroup;
			children = (
				A36F28D7284FA762000A4F51 /* MapView.swift */,
				A36F28D5284FA631000A4F51 /* CircleImage.swift */,
				A325B7F52850CFD20050A9DF /* FavoriteButton.swift */,
			);
			path = Helpers;
			sourceTree = "<group>";
		};
		A36F289D284FA248000A4F51 = {
			isa = PBXGroup;
			children = (
				A36F28A8284FA248000A4F51 /* Landmarks */,
				A36F28B9284FA249000A4F51 /* LandmarksTests */,
				A36F28C3284FA24A000A4F51 /* LandmarksUITests */,
				A36F28A7284FA248000A4F51 /* Products */,
			);
			sourceTree = "<group>";
		};
		A36F28A7284FA248000A4F51 /* Products */ = {
			isa = PBXGroup;
			children = (
				A36F28A6284FA248000A4F51 /* Landmarks.app */,
				A36F28B6284FA249000A4F51 /* LandmarksTests.xctest */,
				A36F28C0284FA24A000A4F51 /* LandmarksUITests.xctest */,
			);
			name = Products;
			sourceTree = "<group>";
		};
		A36F28A8284FA248000A4F51 /* Landmarks */ = {
			isa = PBXGroup;
			children = (
				A36F28E1284FB0CB000A4F51 /* Resources */,
				A36F28E0284FB0AB000A4F51 /* Model */,
				A36F28DF284FB074000A4F51 /* Views */,
				A36F28A9284FA248000A4F51 /* LandmarksApp.swift */,
				A36F28AD284FA249000A4F51 /* Assets.xcassets */,
				A36F28AF284FA249000A4F51 /* Preview Content */,
			);
			path = Landmarks;
			sourceTree = "<group>";
		};
		A36F28AF284FA249000A4F51 /* Preview Content */ = {
			isa = PBXGroup;
			children = (
				A36F28B0284FA249000A4F51 /* Preview Assets.xcassets */,
			);
			path = "Preview Content";
			sourceTree = "<group>";
		};
		A36F28B9284FA249000A4F51 /* LandmarksTests */ = {
			isa = PBXGroup;
			children = (
				A36F28BA284FA249000A4F51 /* LandmarksTests.swift */,
			);
			path = LandmarksTests;
			sourceTree = "<group>";
		};
		A36F28C3284FA24A000A4F51 /* LandmarksUITests */ = {
			isa = PBXGroup;
			children = (
				A36F28C4284FA24A000A4F51 /* LandmarksUITests.swift */,
				A36F28C6284FA24A000A4F51 /* LandmarksUITestsLaunchTests.swift */,
			);
			path = LandmarksUITests;
			sourceTree = "<group>";
		};
		A36F28DF284FB074000A4F51 /* Views */ = {
			isa = PBXGroup;
			children = (
				A325B7F82850D09F0050A9DF /* Helpers */,
				A36F28AB284FA248000A4F51 /* ContentView.swift */,
				A325B7F72850D08C0050A9DF /* Landmarks */,
			);
			path = Views;
			sourceTree = "<group>";
		};
		A36F28E0284FB0AB000A4F51 /* Model */ = {
			isa = PBXGroup;
			children = (
				A36F28DB284FAE1A000A4F51 /* Landmark.swift */,
				A36F28DD284FAFBC000A4F51 /* ModelData.swift */,
			);
			path = Model;
			sourceTree = "<group>";
		};
		A36F28E1284FB0CB000A4F51 /* Resources */ = {
			isa = PBXGroup;
			children = (
				A36F28D9284FADF4000A4F51 /* landmarkData.json */,
			);
			path = Resources;
			sourceTree = "<group>";
		};
/* End PBXGroup section */

/* Begin PBXNativeTarget section */
		A36F28A5284FA248000A4F51 /* Landmarks */ = {
			isa = PBXNativeTarget;
			buildConfigurationList = A36F28CA284FA24A000A4F51 /* Build configuration list for PBXNativeTarget "Landmarks" */;
			buildPhases = (
				A36F28A2284FA248000A4F51 /* Sources */,
				A36F28A3284FA248000A4F51 /* Frameworks */,
				A36F28A4284FA248000A4F51 /* Resources */,
			);
			buildRules = (
			);
			dependencies = (
			);
			name = Landmarks;
			productName = Landmarks;
			productReference = A36F28A6284FA248000A4F51 /* Landmarks.app */;
			productType = "com.apple.product-type.application";
		};
		A36F28B5284FA249000A4F51 /* LandmarksTests */ = {
			isa = PBXNativeTarget;
			buildConfigurationList = A36F28CD284FA24A000A4F51 /* Build configuration list for PBXNativeTarget "LandmarksTests" */;
			buildPhases = (
				A36F28B2284FA249000A4F51 /* Sources */,
				A36F28B3284FA249000A4F51 /* Frameworks */,
				A36F28B4284FA249000A4F51 /* Resources */,
			);
			buildRules = (
			);
			dependencies = (
				A36F28B8284FA249000A4F51 /* PBXTargetDependency */,
			);
			name = LandmarksTests;
			productName = LandmarksTests;
			productReference = A36F28B6284FA249000A4F51 /* LandmarksTests.xctest */;
			productType = "com.apple.product-type.bundle.unit-test";
		};
		A36F28BF284FA24A000A4F51 /* LandmarksUITests */ = {
			isa = PBXNativeTarget;
			buildConfigurationList = A36F28D0284FA24A000A4F51 /* Build configuration list for PBXNativeTarget "LandmarksUITests" */;
			buildPhases = (
				A36F28BC284FA24A000A4F51 /* Sources */,
				A36F28BD284FA24A000A4F51 /* Frameworks */,
				A36F28BE284FA24A000A4F51 /* Resources */,
			);
			buildRules = (
			);
			dependencies = (
				A36F28C2284FA24A000A4F51 /* PBXTargetDependency */,
			);
			name = LandmarksUITests;
			productName = LandmarksUITests;
			productReference = A36F28C0284FA24A000A4F51 /* LandmarksUITests.xctest */;
			productType = "com.apple.product-type.bundle.ui-testing";
		};
/* End PBXNativeTarget section */

/* Begin PBXProject section */
		A36F289E284FA248000A4F51 /* Project object */ = {
			isa = PBXProject;
			attributes = {
				BuildIndependentTargetsInParallel = 1;
				LastSwiftUpdateCheck = 1340;
				LastUpgradeCheck = 1340;
				TargetAttributes = {
					A36F28A5284FA248000A4F51 = {
						CreatedOnToolsVersion = 13.4.1;
					};
					A36F28B5284FA249000A4F51 = {
						CreatedOnToolsVersion = 13.4.1;
						TestTargetID = A36F28A5284FA248000A4F51;
					};
					A36F28BF284FA24A000A4F51 = {
						CreatedOnToolsVersion = 13.4.1;
						TestTargetID = A36F28A5284FA248000A4F51;
					};
				};
			};
			buildConfigurationList = A36F28A1284FA248000A4F51 /* Build configuration list for PBXProject "Landmarks" */;
			compatibilityVersion = "Xcode 13.0";
			developmentRegion = en;
			hasScannedForEncodings = 0;
			knownRegions = (
				en,
				Base,
			);
			mainGroup = A36F289D284FA248000A4F51;
			productRefGroup = A36F28A7284FA248000A4F51 /* Products */;
			projectDirPath = "";
			projectRoot = "";
			targets = (
				A36F28A5284FA248000A4F51 /* Landmarks */,
				A36F28B5284FA249000A4F51 /* LandmarksTests */,
				A36F28BF284FA24A000A4F51 /* LandmarksUITests */,
			);
		};
/* End PBXProject section */

/* Begin PBXResourcesBuildPhase section */
		A36F28A4284FA248000A4F51 /* Resources */ = {
			isa = PBXResourcesBuildPhase;
			buildActionMask = 2147483647;
			files = (
				A36F28B1284FA249000A4F51 /* Preview Assets.xcassets in Resources */,
				A36F28AE284FA249000A4F51 /* Assets.xcassets in Resources */,
				A36F28DA284FADF4000A4F51 /* landmarkData.json in Resources */,
			);
			runOnlyForDeploymentPostprocessing = 0;
		};
		A36F28B4284FA249000A4F51 /* Resources */ = {
			isa = PBXResourcesBuildPhase;
			buildActionMask = 2147483647;
			files = (
			);
			runOnlyForDeploymentPostprocessing = 0;
		};
		A36F28BE284FA24A000A4F51 /* Resources */ = {
			isa = PBXResourcesBuildPhase;
			buildActionMask = 2147483647;
			files = (
			);
			runOnlyForDeploymentPostprocessing = 0;
		};
/* End PBXResourcesBuildPhase section */

/* Begin PBXSourcesBuildPhase section */
		A36F28A2284FA248000A4F51 /* Sources */ = {
			isa = PBXSourcesBuildPhase;
			buildActionMask = 2147483647;
			files = (
				A36F28AC284FA248000A4F51 /* ContentView.swift in Sources */,
				A36F28D8284FA762000A4F51 /* MapView.swift in Sources */,
				A36F28AA284FA248000A4F51 /* LandmarksApp.swift in Sources */,
				A325B7F62850CFD20050A9DF /* FavoriteButton.swift in Sources */,
				A36F28E5284FBE1B000A4F51 /* LandmarkList.swift in Sources */,
				A36F28E9284FBF68000A4F51 /* LandmarkDetail.swift in Sources */,
				A36F28D6284FA631000A4F51 /* CircleImage.swift in Sources */,
				A36F28DC284FAE1A000A4F51 /* Landmark.swift in Sources */,
				A36F28E3284FB5ED000A4F51 /* LandmarkRow.swift in Sources */,
				A36F28DE284FAFBC000A4F51 /* ModelData.swift in Sources */,
			);
			runOnlyForDeploymentPostprocessing = 0;
		};
		A36F28B2284FA249000A4F51 /* Sources */ = {
			isa = PBXSourcesBuildPhase;
			buildActionMask = 2147483647;
			files = (
				A36F28BB284FA249000A4F51 /* LandmarksTests.swift in Sources */,
			);
			runOnlyForDeploymentPostprocessing = 0;
		};
		A36F28BC284FA24A000A4F51 /* Sources */ = {
			isa = PBXSourcesBuildPhase;
			buildActionMask = 2147483647;
			files = (
				A36F28C7284FA24A000A4F51 /* LandmarksUITestsLaunchTests.swift in Sources */,
				A36F28C5284FA24A000A4F51 /* LandmarksUITests.swift in Sources */,
			);
			runOnlyForDeploymentPostprocessing = 0;
		};
/* End PBXSourcesBuildPhase section */

/* Begin PBXTargetDependency section */
		A36F28B8284FA249000A4F51 /* PBXTargetDependency */ = {
			isa = PBXTargetDependency;
			target = A36F28A5284FA248000A4F51 /* Landmarks */;
			targetProxy = A36F28B7284FA249000A4F51 /* PBXContainerItemProxy */;
		};
		A36F28C2284FA24A000A4F51 /* PBXTargetDependency */ = {
			isa = PBXTargetDependency;
			target = A36F28A5284FA248000A4F51 /* Landmarks */;
			targetProxy = A36F28C1284FA24A000A4F51 /* PBXContainerItemProxy */;
		};
/* End PBXTargetDependency section */

/* Begin XCBuildConfiguration section */
		A36F28C8284FA24A000A4F51 /* Debug */ = {
			isa = XCBuildConfiguration;
			buildSettings = {
				ALWAYS_SEARCH_USER_PATHS = NO;
				CLANG_ANALYZER_NONNULL = YES;
				CLANG_ANALYZER_NUMBER_OBJECT_CONVERSION = YES_AGGRESSIVE;
				CLANG_CXX_LANGUAGE_STANDARD = "gnu++17";
				CLANG_ENABLE_MODULES = YES;
				CLANG_ENABLE_OBJC_ARC = YES;
				CLANG_ENABLE_OBJC_WEAK = YES;
				CLANG_WARN_BLOCK_CAPTURE_AUTORELEASING = YES;
				CLANG_WARN_BOOL_CONVERSION = YES;
				CLANG_WARN_COMMA = YES;
				CLANG_WARN_CONSTANT_CONVERSION = YES;
				CLANG_WARN_DEPRECATED_OBJC_IMPLEMENTATIONS = YES;
				CLANG_WARN_DIRECT_OBJC_ISA_USAGE = YES_ERROR;
				CLANG_WARN_DOCUMENTATION_COMMENTS = YES;
				CLANG_WARN_EMPTY_BODY = YES;
				CLANG_WARN_ENUM_CONVERSION = YES;
				CLANG_WARN_INFINITE_RECURSION = YES;
				CLANG_WARN_INT_CONVERSION = YES;
				CLANG_WARN_NON_LITERAL_NULL_CONVERSION = YES;
				CLANG_WARN_OBJC_IMPLICIT_RETAIN_SELF = YES;
				CLANG_WARN_OBJC_LITERAL_CONVERSION = YES;
				CLANG_WARN_OBJC_ROOT_CLASS = YES_ERROR;
				CLANG_WARN_QUOTED_INCLUDE_IN_FRAMEWORK_HEADER = YES;
				CLANG_WARN_RANGE_LOOP_ANALYSIS = YES;
				CLANG_WARN_STRICT_PROTOTYPES = YES;
				CLANG_WARN_SUSPICIOUS_MOVE = YES;
				CLANG_WARN_UNGUARDED_AVAILABILITY = YES_AGGRESSIVE;
				CLANG_WARN_UNREACHABLE_CODE = YES;
				CLANG_WARN__DUPLICATE_METHOD_MATCH = YES;
				COPY_PHASE_STRIP = NO;
				DEBUG_INFORMATION_FORMAT = dwarf;
				ENABLE_STRICT_OBJC_MSGSEND = YES;
				ENABLE_TESTABILITY = YES;
				GCC_C_LANGUAGE_STANDARD = gnu11;
				GCC_DYNAMIC_NO_PIC = NO;
				GCC_NO_COMMON_BLOCKS = YES;
				GCC_OPTIMIZATION_LEVEL = 0;
				GCC_PREPROCESSOR_DEFINITIONS = (
					"DEBUG=1",
					"$(inherited)",
				);
				GCC_WARN_64_TO_32_BIT_CONVERSION = YES;
				GCC_WARN_ABOUT_RETURN_TYPE = YES_ERROR;
				GCC_WARN_UNDECLARED_SELECTOR = YES;
				GCC_WARN_UNINITIALIZED_AUTOS = YES_AGGRESSIVE;
				GCC_WARN_UNUSED_FUNCTION = YES;
				GCC_WARN_UNUSED_VARIABLE = YES;
				IPHONEOS_DEPLOYMENT_TARGET = 15.5;
				MTL_ENABLE_DEBUG_INFO = INCLUDE_SOURCE;
				MTL_FAST_MATH = YES;
				ONLY_ACTIVE_ARCH = YES;
				SDKROOT = iphoneos;
				SWIFT_ACTIVE_COMPILATION_CONDITIONS = DEBUG;
				SWIFT_OPTIMIZATION_LEVEL = "-Onone";
			};
			name = Debug;
		};
		A36F28C9284FA24A000A4F51 /* Release */ = {
			isa = XCBuildConfiguration;
			buildSettings = {
				ALWAYS_SEARCH_USER_PATHS = NO;
				CLANG_ANALYZER_NONNULL = YES;
				CLANG_ANALYZER_NUMBER_OBJECT_CONVERSION = YES_AGGRESSIVE;
				CLANG_CXX_LANGUAGE_STANDARD = "gnu++17";
				CLANG_ENABLE_MODULES = YES;
				CLANG_ENABLE_OBJC_ARC = YES;
				CLANG_ENABLE_OBJC_WEAK = YES;
				CLANG_WARN_BLOCK_CAPTURE_AUTORELEASING = YES;
				CLANG_WARN_BOOL_CONVERSION = YES;
				CLANG_WARN_COMMA = YES;
				CLANG_WARN_CONSTANT_CONVERSION = YES;
				CLANG_WARN_DEPRECATED_OBJC_IMPLEMENTATIONS = YES;
				CLANG_WARN_DIRECT_OBJC_ISA_USAGE = YES_ERROR;
				CLANG_WARN_DOCUMENTATION_COMMENTS = YES;
				CLANG_WARN_EMPTY_BODY = YES;
				CLANG_WARN_ENUM_CONVERSION = YES;
				CLANG_WARN_INFINITE_RECURSION = YES;
				CLANG_WARN_INT_CONVERSION = YES;
				CLANG_WARN_NON_LITERAL_NULL_CONVERSION = YES;
				CLANG_WARN_OBJC_IMPLICIT_RETAIN_SELF = YES;
				CLANG_WARN_OBJC_LITERAL_CONVERSION = YES;
				CLANG_WARN_OBJC_ROOT_CLASS = YES_ERROR;
				CLANG_WARN_QUOTED_INCLUDE_IN_FRAMEWORK_HEADER = YES;
				CLANG_WARN_RANGE_LOOP_ANALYSIS = YES;
				CLANG_WARN_STRICT_PROTOTYPES = YES;
				CLANG_WARN_SUSPICIOUS_MOVE = YES;
				CLANG_WARN_UNGUARDED_AVAILABILITY = YES_AGGRESSIVE;
				CLANG_WARN_UNREACHABLE_CODE = YES;
				CLANG_WARN__DUPLICATE_METHOD_MATCH = YES;
				COPY_PHASE_STRIP = NO;
				DEBUG_INFORMATION_FORMAT = "dwarf-with-dsym";
				ENABLE_NS_ASSERTIONS = NO;
				ENABLE_STRICT_OBJC_MSGSEND = YES;
				GCC_C_LANGUAGE_STANDARD = gnu11;
				GCC_NO_COMMON_BLOCKS = YES;
				GCC_WARN_64_TO_32_BIT_CONVERSION = YES;
				GCC_WARN_ABOUT_RETURN_TYPE = YES_ERROR;
				GCC_WARN_UNDECLARED_SELECTOR = YES;
				GCC_WARN_UNINITIALIZED_AUTOS = YES_AGGRESSIVE;
				GCC_WARN_UNUSED_FUNCTION = YES;
				GCC_WARN_UNUSED_VARIABLE = YES;
				IPHONEOS_DEPLOYMENT_TARGET = 15.5;
				MTL_ENABLE_DEBUG_INFO = NO;
				MTL_FAST_MATH = YES;
				SDKROOT = iphoneos;
				SWIFT_COMPILATION_MODE = wholemodule;
				SWIFT_OPTIMIZATION_LEVEL = "-O";
				VALIDATE_PRODUCT = YES;
			};
			name = Release;
		};
		A36F28CB284FA24A000A4F51 /* Debug */ = {
			isa = XCBuildConfiguration;
			buildSettings = {
				ASSETCATALOG_COMPILER_APPICON_NAME = AppIcon;
				ASSETCATALOG_COMPILER_GLOBAL_ACCENT_COLOR_NAME = AccentColor;
				CODE_SIGN_STYLE = Automatic;
				CURRENT_PROJECT_VERSION = 1;
				DEVELOPMENT_ASSET_PATHS = "\"Landmarks/Preview Content\"";
				DEVELOPMENT_TEAM = JP5A87UR58;
				ENABLE_PREVIEWS = YES;
				GENERATE_INFOPLIST_FILE = YES;
				INFOPLIST_KEY_UIApplicationSceneManifest_Generation = YES;
				INFOPLIST_KEY_UIApplicationSupportsIndirectInputEvents = YES;
				INFOPLIST_KEY_UILaunchScreen_Generation = YES;
				INFOPLIST_KEY_UISupportedInterfaceOrientations_iPad = "UIInterfaceOrientationPortrait UIInterfaceOrientationPortraitUpsideDown UIInterfaceOrientationLandscapeLeft UIInterfaceOrientationLandscapeRight";
				INFOPLIST_KEY_UISupportedInterfaceOrientations_iPhone = "UIInterfaceOrientationPortrait UIInterfaceOrientationLandscapeLeft UIInterfaceOrientationLandscapeRight";
				LD_RUNPATH_SEARCH_PATHS = (
					"$(inherited)",
					"@executable_path/Frameworks",
				);
				MARKETING_VERSION = 1.0;
				PRODUCT_BUNDLE_IDENTIFIER = dev.lukebriggs.Landmarks;
				PRODUCT_NAME = "$(TARGET_NAME)";
				SWIFT_EMIT_LOC_STRINGS = YES;
				SWIFT_VERSION = 5.0;
				TARGETED_DEVICE_FAMILY = "1,2";
			};
			name = Debug;
		};
		A36F28CC284FA24A000A4F51 /* Release */ = {
			isa = XCBuildConfiguration;
			buildSettings = {
				ASSETCATALOG_COMPILER_APPICON_NAME = AppIcon;
				ASSETCATALOG_COMPILER_GLOBAL_ACCENT_COLOR_NAME = AccentColor;
				CODE_SIGN_STYLE = Automatic;
				CURRENT_PROJECT_VERSION = 1;
				DEVELOPMENT_ASSET_PATHS = "\"Landmarks/Preview Content\"";
				DEVELOPMENT_TEAM = JP5A87UR58;
				ENABLE_PREVIEWS = YES;
				GENERATE_INFOPLIST_FILE = YES;
				INFOPLIST_KEY_UIApplicationSceneManifest_Generation = YES;
				INFOPLIST_KEY_UIApplicationSupportsIndirectInputEvents = YES;
				INFOPLIST_KEY_UILaunchScreen_Generation = YES;
				INFOPLIST_KEY_UISupportedInterfaceOrientations_iPad = "UIInterfaceOrientationPortrait UIInterfaceOrientationPortraitUpsideDown UIInterfaceOrientationLandscapeLeft UIInterfaceOrientationLandscapeRight";
				INFOPLIST_KEY_UISupportedInterfaceOrientations_iPhone = "UIInterfaceOrientationPortrait UIInterfaceOrientationLandscapeLeft UIInterfaceOrientationLandscapeRight";
				LD_RUNPATH_SEARCH_PATHS = (
					"$(inherited)",
					"@executable_path/Frameworks",
				);
				MARKETING_VERSION = 1.0;
				PRODUCT_BUNDLE_IDENTIFIER = dev.lukebriggs.Landmarks;
				PRODUCT_NAME = "$(TARGET_NAME)";
				SWIFT_EMIT_LOC_STRINGS = YES;
				SWIFT_VERSION = 5.0;
				TARGETED_DEVICE_FAMILY = "1,2";
			};
			name = Release;
		};
		A36F28CE284FA24A000A4F51 /* Debug */ = {
			isa = XCBuildConfiguration;
			buildSettings = {
				ALWAYS_EMBED_SWIFT_STANDARD_LIBRARIES = YES;
				BUNDLE_LOADER = "$(TEST_HOST)";
				CODE_SIGN_STYLE = Automatic;
				CURRENT_PROJECT_VERSION = 1;
				GENERATE_INFOPLIST_FILE = YES;
				IPHONEOS_DEPLOYMENT_TARGET = 15.5;
				MARKETING_VERSION = 1.0;
				PRODUCT_BUNDLE_IDENTIFIER = dev.lukebriggs.LandmarksTests;
				PRODUCT_NAME = "$(TARGET_NAME)";
				SWIFT_EMIT_LOC_STRINGS = NO;
				SWIFT_VERSION = 5.0;
				TARGETED_DEVICE_FAMILY = "1,2";
				TEST_HOST = "$(BUILT_PRODUCTS_DIR)/Landmarks.app/Landmarks";
			};
			name = Debug;
		};
		A36F28CF284FA24A000A4F51 /* Release */ = {
			isa = XCBuildConfiguration;
			buildSettings = {
				ALWAYS_EMBED_SWIFT_STANDARD_LIBRARIES = YES;
				BUNDLE_LOADER = "$(TEST_HOST)";
				CODE_SIGN_STYLE = Automatic;
				CURRENT_PROJECT_VERSION = 1;
				GENERATE_INFOPLIST_FILE = YES;
				IPHONEOS_DEPLOYMENT_TARGET = 15.5;
				MARKETING_VERSION = 1.0;
				PRODUCT_BUNDLE_IDENTIFIER = dev.lukebriggs.LandmarksTests;
				PRODUCT_NAME = "$(TARGET_NAME)";
				SWIFT_EMIT_LOC_STRINGS = NO;
				SWIFT_VERSION = 5.0;
				TARGETED_DEVICE_FAMILY = "1,2";
				TEST_HOST = "$(BUILT_PRODUCTS_DIR)/Landmarks.app/Landmarks";
			};
			name = Release;
		};
		A36F28D1284FA24A000A4F51 /* Debug */ = {
			isa = XCBuildConfiguration;
			buildSettings = {
				ALWAYS_EMBED_SWIFT_STANDARD_LIBRARIES = YES;
				CODE_SIGN_STYLE = Automatic;
				CURRENT_PROJECT_VERSION = 1;
				GENERATE_INFOPLIST_FILE = YES;
				MARKETING_VERSION = 1.0;
				PRODUCT_BUNDLE_IDENTIFIER = dev.lukebriggs.LandmarksUITests;
				PRODUCT_NAME = "$(TARGET_NAME)";
				SWIFT_EMIT_LOC_STRINGS = NO;
				SWIFT_VERSION = 5.0;
				TARGETED_DEVICE_FAMILY = "1,2";
				TEST_TARGET_NAME = Landmarks;
			};
			name = Debug;
		};
		A36F28D2284FA24A000A4F51 /* Release */ = {
			isa = XCBuildConfiguration;
			buildSettings = {
				ALWAYS_EMBED_SWIFT_STANDARD_LIBRARIES = YES;
				CODE_SIGN_STYLE = Automatic;
				CURRENT_PROJECT_VERSION = 1;
				GENERATE_INFOPLIST_FILE = YES;
				MARKETING_VERSION = 1.0;
				PRODUCT_BUNDLE_IDENTIFIER = dev.lukebriggs.LandmarksUITests;
				PRODUCT_NAME = "$(TARGET_NAME)";
				SWIFT_EMIT_LOC_STRINGS = NO;
				SWIFT_VERSION = 5.0;
				TARGETED_DEVICE_FAMILY = "1,2";
				TEST_TARGET_NAME = Landmarks;
			};
			name = Release;
		};
/* End XCBuildConfiguration section */

/* Begin XCConfigurationList section */
		A36F28A1284FA248000A4F51 /* Build configuration list for PBXProject "Landmarks" */ = {
			isa = XCConfigurationList;
			buildConfigurations = (
				A36F28C8284FA24A000A4F51 /* Debug */,
				A36F28C9284FA24A000A4F51 /* Release */,
			);
			defaultConfigurationIsVisible = 0;
			defaultConfigurationName = Release;
		};
		A36F28CA284FA24A000A4F51 /* Build configuration list for PBXNativeTarget "Landmarks" */ = {
			isa = XCConfigurationList;
			buildConfigurations = (
				A36F28CB284FA24A000A4F51 /* Debug */,
				A36F28CC284FA24A000A4F51 /* Release */,
			);
			defaultConfigurationIsVisible = 0;
			defaultConfigurationName = Release;
		};
		A36F28CD284FA24A000A4F51 /* Build configuration list for PBXNativeTarget "LandmarksTests" */ = {
			isa = XCConfigurationList;
			buildConfigurations = (
				A36F28CE284FA24A000A4F51 /* Debug */,
				A36F28CF284FA24A000A4F51 /* Release */,
			);
			defaultConfigurationIsVisible = 0;
			defaultConfigurationName = Release;
		};
		A36F28D0284FA24A000A4F51 /* Build configuration list for PBXNativeTarget "LandmarksUITests" */ = {
			isa = XCConfigurationList;
			buildConfigurations = (
				A36F28D1284FA24A000A4F51 /* Debug */,
				A36F28D2284FA24A000A4F51 /* Release */,
			);
			defaultConfigurationIsVisible = 0;
			defaultConfigurationName = Release;
		};
/* End XCConfigurationList section */
	};
	rootObject = A36F289E284FA248000A4F51 /* Project object */;
}
